Microsoft Visual Studio Solution File, Format Version 9.00
# Visual Studio 2005
Project("{FAE04EC0-301F-11D3-BF4B-00C04F79EFBC}") = "MethodRenamer", "src\MethodRenamer\MethodRenamer.csproj", "{A22418E5-DCE6-4D12-A016-151EA614A787}"
EndProject
Project("{FAE04EC0-301F-11D3-BF4B-00C04F79EFBC}") = "ExsltTest", "test\ExsltTest\ExsltTest.csproj", "{AC8B9015-E508-4E40-8E6D-C4FCF52CE4B0}"
EndProject
Project("{FAE04EC0-301F-11D3-BF4B-00C04F79EFBC}") = "ExsltXPathTest", "test\ExsltXPathTest\ExsltXPathTest.csproj", "{705AA213-1D02-4CD2-9ED5-A7D9668C714D}"
EndProject
Project("{FAE04EC0-301F-11D3-BF4B-00C04F79EFBC}") = "Exslt", "src\Exslt\Exslt.csproj", "{BA694D9F-6B1E-4038-AC81-BF1640C07D90}"
EndProject
Global
	GlobalSection(SolutionConfigurationPlatforms) = preSolution
		Debug|Any CPU = Debug|Any CPU
		Release|Any CPU = Release|Any CPU
	EndGlobalSection
	GlobalSection(ProjectConfigurationPlatforms) = postSolution
		{A22418E5-DCE6-4D12-A016-151EA614A787}.Debug|Any CPU.ActiveCfg = Debug|Any CPU
		{A22418E5-DCE6-4D12-A016-151EA614A787}.Debug|Any CPU.Build.0 = Debug|Any CPU
		{A22418E5-DCE6-4D12-A016-151EA614A787}.Release|Any CPU.ActiveCfg = Release|Any CPU
		{A22418E5-DCE6-4D12-A016-151EA614A787}.Release|Any CPU.Build.0 = Release|Any CPU
		{AC8B9015-E508-4E40-8E6D-C4FCF52CE4B0}.Debug|Any CPU.ActiveCfg = Debug|Any CPU
		{AC8B9015-E508-4E40-8E6D-C4FCF52CE4B0}.Debug|Any CPU.Build.0 = Debug|Any CPU
		{AC8B9015-E508-4E40-8E6D-C4FCF52CE4B0}.Release|Any CPU.ActiveCfg = Release|Any CPU
		{AC8B9015-E508-4E40-8E6D-C4FCF52CE4B0}.Release|Any CPU.Build.0 = Release|Any CPU
		{705AA213-1D02-4CD2-9ED5-A7D9668C714D}.Debug|Any CPU.ActiveCfg = Debug|Any CPU
		{705AA213-1D02-4CD2-9ED5-A7D9668C714D}.Debug|Any CPU.Build.0 = Debug|Any CPU
		{705AA213-1D02-4CD2-9ED5-A7D9668C714D}.Release|Any CPU.ActiveCfg = Release|Any CPU
		{705AA213-1D02-4CD2-9ED5-A7D9668C714D}.Release|Any CPU.Build.0 = Release|Any CPU
		{BA694D9F-6B1E-4038-AC81-BF1640C07D90}.Debug|Any CPU.ActiveCfg = Debug|Any CPU
		{BA694D9F-6B1E-4038-AC81-BF1640C07D90}.Debug|Any CPU.Build.0 = Debug|Any CPU
		{BA694D9F-6B1E-4038-AC81-BF1640C07D90}.Release|Any CPU.ActiveCfg = Release|Any CPU
		{BA694D9F-6B1E-4038-AC81-BF1640C07D90}.Release|Any CPU.Build.0 = Release|Any CPU
	EndGlobalSection
	GlobalSection(SolutionProperties) = preSolution
		HideSolutionNode = FALSE
	EndGlobalSection
EndGlobal
